// !$*UTF8*$!
{
	archiveVersion = 1;
	classes = {
	};
	objectVersion = 77;
	objects = {

/* Begin PBXBuildFile section */
		164CFCFFFBB2BB1DEE747C5D /* SettingsStoreTests.swift in Sources */ = {isa = PBXBuildFile; fileRef = 1E0AB8AE80CFFF0B8D5641DE /* SettingsStoreTests.swift */; };
		1E4C1BD188A3D5EF8E3ACF46 /* BlockedApp.swift in Sources */ = {isa = PBXBuildFile; fileRef = CE1D39231DCEDF0EFFBCEA10 /* BlockedApp.swift */; };
		51C90FF7CE7688AC2427AA52 /* FocusLockApp.swift in Sources */ = {isa = PBXBuildFile; fileRef = 2F709265FECD4A182E5ED43B /* FocusLockApp.swift */; };
		893E249C4D70CA0D2A8319D8 /* SettingsStore.swift in Sources */ = {isa = PBXBuildFile; fileRef = C75AD7CDE30E901B1773173C /* SettingsStore.swift */; };
		CE01705C866EDE95AF543342 /* FocusLockTests.swift in Sources */ = {isa = PBXBuildFile; fileRef = DB8DF530A1A02FBD59B610CA /* FocusLockTests.swift */; };
/* End PBXBuildFile section */

/* Begin PBXContainerItemProxy section */
		491EBCDBC93C14D78A310127 /* PBXContainerItemProxy */ = {
			isa = PBXContainerItemProxy;
			containerPortal = 29E2A9ACFFADEAA47FD65614 /* Project object */;
			proxyType = 1;
			remoteGlobalIDString = 3B60F5E235D5C5B5D77396B0;
			remoteInfo = FocusLock;
		};
/* End PBXContainerItemProxy section */

/* Begin PBXFileReference section */
		1E0AB8AE80CFFF0B8D5641DE /* SettingsStoreTests.swift */ = {isa = PBXFileReference; lastKnownFileType = sourcecode.swift; path = SettingsStoreTests.swift; sourceTree = "<group>"; };
		23AC724978E6CF7DE73F0431 /* FocusLock.entitlements */ = {isa = PBXFileReference; lastKnownFileType = text.plist.entitlements; path = FocusLock.entitlements; sourceTree = "<group>"; };
		2F709265FECD4A182E5ED43B /* FocusLockApp.swift */ = {isa = PBXFileReference; lastKnownFileType = sourcecode.swift; path = FocusLockApp.swift; sourceTree = "<group>"; };
		4169C9180AFB95F8BF5BC9CA /* FocusLockTests.xctest */ = {isa = PBXFileReference; explicitFileType = wrapper.cfbundle; includeInIndex = 0; path = FocusLockTests.xctest; sourceTree = BUILT_PRODUCTS_DIR; };
		7D8733F08A39382B6AE9EE5D /* Info.plist */ = {isa = PBXFileReference; lastKnownFileType = text.plist; path = Info.plist; sourceTree = "<group>"; };
		92225BD262C1762AD004F175 /* FocusLock.app */ = {isa = PBXFileReference; explicitFileType = wrapper.application; includeInIndex = 0; path = FocusLock.app; sourceTree = BUILT_PRODUCTS_DIR; };
		C75AD7CDE30E901B1773173C /* SettingsStore.swift */ = {isa = PBXFileReference; lastKnownFileType = sourcecode.swift; path = SettingsStore.swift; sourceTree = "<group>"; };
		CE1D39231DCEDF0EFFBCEA10 /* BlockedApp.swift */ = {isa = PBXFileReference; lastKnownFileType = sourcecode.swift; path = BlockedApp.swift; sourceTree = "<group>"; };
		DB8DF530A1A02FBD59B610CA /* FocusLockTests.swift */ = {isa = PBXFileReference; lastKnownFileType = sourcecode.swift; path = FocusLockTests.swift; sourceTree = "<group>"; };
/* End PBXFileReference section */

/* Begin PBXGroup section */
		2B0D48DD8841B8FEA6B840AF = {
			isa = PBXGroup;
			children = (
				53D1D9CFAFC6DBBF3F2EBB83 /* FocusLock */,
				A222DBD0C8C594D0DC821734 /* FocusLockTests */,
				C7F71669A533A4A1EF86823A /* Products */,
			);
			sourceTree = "<group>";
		};
		39AF113214F7C5AA30D41F0E /* Models */ = {
			isa = PBXGroup;
			children = (
				CE1D39231DCEDF0EFFBCEA10 /* BlockedApp.swift */,
			);
			path = Models;
			sourceTree = "<group>";
		};
		53D1D9CFAFC6DBBF3F2EBB83 /* FocusLock */ = {
			isa = PBXGroup;
			children = (
				23AC724978E6CF7DE73F0431 /* FocusLock.entitlements */,
				2F709265FECD4A182E5ED43B /* FocusLockApp.swift */,
				7D8733F08A39382B6AE9EE5D /* Info.plist */,
				C75AD7CDE30E901B1773173C /* SettingsStore.swift */,
				39AF113214F7C5AA30D41F0E /* Models */,
			);
			path = FocusLock;
			sourceTree = "<group>";
		};
		A222DBD0C8C594D0DC821734 /* FocusLockTests */ = {
			isa = PBXGroup;
			children = (
				DB8DF530A1A02FBD59B610CA /* FocusLockTests.swift */,
				1E0AB8AE80CFFF0B8D5641DE /* SettingsStoreTests.swift */,
			);
			path = FocusLockTests;
			sourceTree = "<group>";
		};
		C7F71669A533A4A1EF86823A /* Products */ = {
			isa = PBXGroup;
			children = (
				92225BD262C1762AD004F175 /* FocusLock.app */,
				4169C9180AFB95F8BF5BC9CA /* FocusLockTests.xctest */,
			);
			name = Products;
			sourceTree = "<group>";
		};
/* End PBXGroup section */

/* Begin PBXNativeTarget section */
		3B60F5E235D5C5B5D77396B0 /* FocusLock */ = {
			isa = PBXNativeTarget;
			buildConfigurationList = 344568AE97E40F4B35E512A3 /* Build configuration list for PBXNativeTarget "FocusLock" */;
			buildPhases = (
				757E9FBD9977116145065404 /* Sources */,
			);
			buildRules = (
			);
			dependencies = (
			);
			name = FocusLock;
			packageProductDependencies = (
			);
			productName = FocusLock;
			productReference = 92225BD262C1762AD004F175 /* FocusLock.app */;
			productType = "com.apple.product-type.application";
		};
		41E8F9EABC4D4739B98638F9 /* FocusLockTests */ = {
			isa = PBXNativeTarget;
			buildConfigurationList = E65B9D4887BDF217BEF56F46 /* Build configuration list for PBXNativeTarget "FocusLockTests" */;
			buildPhases = (
				064BDB6BA01A85EC3CF37890 /* Sources */,
			);
			buildRules = (
			);
			dependencies = (
				5C396E3F275999829765FB89 /* PBXTargetDependency */,
			);
			name = FocusLockTests;
			packageProductDependencies = (
			);
			productName = FocusLockTests;
			productReference = 4169C9180AFB95F8BF5BC9CA /* FocusLockTests.xctest */;
			productType = "com.apple.product-type.bundle.unit-test";
		};
/* End PBXNativeTarget section */

/* Begin PBXProject section */
		29E2A9ACFFADEAA47FD65614 /* Project object */ = {
			isa = PBXProject;
			attributes = {
				BuildIndependentTargetsInParallel = YES;
				LastUpgradeCheck = 1430;
				TargetAttributes = {
					3B60F5E235D5C5B5D77396B0 = {
						ProvisioningStyle = Manual;
					};
				};
			};
			buildConfigurationList = 4E937BF2C3C5309AED844B32 /* Build configuration list for PBXProject "FocusLock" */;
			compatibilityVersion = "Xcode 14.0";
			developmentRegion = en;
			hasScannedForEncodings = 0;
			knownRegions = (
				Base,
				en,
			);
			mainGroup = 2B0D48DD8841B8FEA6B840AF;
			minimizedProjectReferenceProxies = 1;
			preferredProjectObjectVersion = 77;
			projectDirPath = "";
			projectRoot = "";
			targets = (
				3B60F5E235D5C5B5D77396B0 /* FocusLock */,
				41E8F9EABC4D4739B98638F9 /* FocusLockTests */,
			);
		};
/* End PBXProject section */

/* Begin PBXSourcesBuildPhase section */
		064BDB6BA01A85EC3CF37890 /* Sources */ = {
			isa = PBXSourcesBuildPhase;
			buildActionMask = 2147483647;
			files = (
				CE01705C866EDE95AF543342 /* FocusLockTests.swift in Sources */,
				164CFCFFFBB2BB1DEE747C5D /* SettingsStoreTests.swift in Sources */,
			);
			runOnlyForDeploymentPostprocessing = 0;
		};
		757E9FBD9977116145065404 /* Sources */ = {
			isa = PBXSourcesBuildPhase;
			buildActionMask = 2147483647;
			files = (
				1E4C1BD188A3D5EF8E3ACF46 /* BlockedApp.swift in Sources */,
				51C90FF7CE7688AC2427AA52 /* FocusLockApp.swift in Sources */,
				893E249C4D70CA0D2A8319D8 /* SettingsStore.swift in Sources */,
			);
			runOnlyForDeploymentPostprocessing = 0;
		};
/* End PBXSourcesBuildPhase section */

/* Begin PBXTargetDependency section */
		5C396E3F275999829765FB89 /* PBXTargetDependency */ = {
			isa = PBXTargetDependency;
			target = 3B60F5E235D5C5B5D77396B0 /* FocusLock */;
			targetProxy = 491EBCDBC93C14D78A310127 /* PBXContainerItemProxy */;
		};
/* End PBXTargetDependency section */

/* Begin XCBuildConfiguration section */
		284A47B68ADC5051580733F0 /* Release */ = {
			isa = XCBuildConfiguration;
			buildSettings = {
				ALWAYS_SEARCH_USER_PATHS = NO;
				CLANG_ANALYZER_NONNULL = YES;
				CLANG_ANALYZER_NUMBER_OBJECT_CONVERSION = YES_AGGRESSIVE;
				CLANG_CXX_LANGUAGE_STANDARD = "gnu++14";
				CLANG_CXX_LIBRARY = "libc++";
				CLANG_ENABLE_MODULES = YES;
				CLANG_ENABLE_OBJC_ARC = YES;
				CLANG_ENABLE_OBJC_WEAK = YES;
				CLANG_WARN_BLOCK_CAPTURE_AUTORELEASING = YES;
				CLANG_WARN_BOOL_CONVERSION = YES;
				CLANG_WARN_COMMA = YES;
				CLANG_WARN_CONSTANT_CONVERSION = YES;
				CLANG_WARN_DEPRECATED_OBJC_IMPLEMENTATIONS = YES;
				CLANG_WARN_DIRECT_OBJC_ISA_USAGE = YES_ERROR;
				CLANG_WARN_DOCUMENTATION_COMMENTS = YES;
				CLANG_WARN_EMPTY_BODY = YES;
				CLANG_WARN_ENUM_CONVERSION = YES;
				CLANG_WARN_INFINITE_RECURSION = YES;
				CLANG_WARN_INT_CONVERSION = YES;
				CLANG_WARN_NON_LITERAL_NULL_CONVERSION = YES;
				CLANG_WARN_OBJC_IMPLICIT_RETAIN_SELF = YES;
				CLANG_WARN_OBJC_LITERAL_CONVERSION = YES;
				CLANG_WARN_OBJC_ROOT_CLASS = YES_ERROR;
				CLANG_WARN_QUOTED_INCLUDE_IN_FRAMEWORK_HEADER = YES;
				CLANG_WARN_RANGE_LOOP_ANALYSIS = YES;
				CLANG_WARN_STRICT_PROTOTYPES = YES;
				CLANG_WARN_SUSPICIOUS_MOVE = YES;
				CLANG_WARN_UNGUARDED_AVAILABILITY = YES_AGGRESSIVE;
				CLANG_WARN_UNREACHABLE_CODE = YES;
				CLANG_WARN__DUPLICATE_METHOD_MATCH = YES;
				COPY_PHASE_STRIP = NO;
				DEBUG_INFORMATION_FORMAT = "dwarf-with-dsym";
				ENABLE_NS_ASSERTIONS = NO;
				ENABLE_STRICT_OBJC_MSGSEND = YES;
				GCC_C_LANGUAGE_STANDARD = gnu11;
				GCC_NO_COMMON_BLOCKS = YES;
				GCC_WARN_64_TO_32_BIT_CONVERSION = YES;
				GCC_WARN_ABOUT_RETURN_TYPE = YES_ERROR;
				GCC_WARN_UNDECLARED_SELECTOR = YES;
				GCC_WARN_UNINITIALIZED_AUTOS = YES_AGGRESSIVE;
				GCC_WARN_UNUSED_FUNCTION = YES;
				GCC_WARN_UNUSED_VARIABLE = YES;
				MACOSX_DEPLOYMENT_TARGET = 13.0;
				MTL_ENABLE_DEBUG_INFO = NO;
				MTL_FAST_MATH = YES;
				PRODUCT_NAME = "$(TARGET_NAME)";
				SDKROOT = macosx;
				SWIFT_COMPILATION_MODE = wholemodule;
				SWIFT_OPTIMIZATION_LEVEL = "-O";
				SWIFT_VERSION = 5.9;
			};
			name = Release;
		};
		29159116B862B9EB373F0F44 /* Debug */ = {
			isa = XCBuildConfiguration;
			buildSettings = {
				ALWAYS_SEARCH_USER_PATHS = NO;
				CLANG_ANALYZER_NONNULL = YES;
				CLANG_ANALYZER_NUMBER_OBJECT_CONVERSION = YES_AGGRESSIVE;
				CLANG_CXX_LANGUAGE_STANDARD = "gnu++14";
				CLANG_CXX_LIBRARY = "libc++";
				CLANG_ENABLE_MODULES = YES;
				CLANG_ENABLE_OBJC_ARC = YES;
				CLANG_ENABLE_OBJC_WEAK = YES;
				CLANG_WARN_BLOCK_CAPTURE_AUTORELEASING = YES;
				CLANG_WARN_BOOL_CONVERSION = YES;
				CLANG_WARN_COMMA = YES;
				CLANG_WARN_CONSTANT_CONVERSION = YES;
				CLANG_WARN_DEPRECATED_OBJC_IMPLEMENTATIONS = YES;
				CLANG_WARN_DIRECT_OBJC_ISA_USAGE = YES_ERROR;
				CLANG_WARN_DOCUMENTATION_COMMENTS = YES;
				CLANG_WARN_EMPTY_BODY = YES;
				CLANG_WARN_ENUM_CONVERSION = YES;
				CLANG_WARN_INFINITE_RECURSION = YES;
				CLANG_WARN_INT_CONVERSION = YES;
				CLANG_WARN_NON_LITERAL_NULL_CONVERSION = YES;
				CLANG_WARN_OBJC_IMPLICIT_RETAIN_SELF = YES;
				CLANG_WARN_OBJC_LITERAL_CONVERSION = YES;
				CLANG_WARN_OBJC_ROOT_CLASS = YES_ERROR;
				CLANG_WARN_QUOTED_INCLUDE_IN_FRAMEWORK_HEADER = YES;
				CLANG_WARN_RANGE_LOOP_ANALYSIS = YES;
				CLANG_WARN_STRICT_PROTOTYPES = YES;
				CLANG_WARN_SUSPICIOUS_MOVE = YES;
				CLANG_WARN_UNGUARDED_AVAILABILITY = YES_AGGRESSIVE;
				CLANG_WARN_UNREACHABLE_CODE = YES;
				CLANG_WARN__DUPLICATE_METHOD_MATCH = YES;
				COPY_PHASE_STRIP = NO;
				DEBUG_INFORMATION_FORMAT = dwarf;
				ENABLE_STRICT_OBJC_MSGSEND = YES;
				ENABLE_TESTABILITY = YES;
				GCC_C_LANGUAGE_STANDARD = gnu11;
				GCC_DYNAMIC_NO_PIC = NO;
				GCC_NO_COMMON_BLOCKS = YES;
				GCC_OPTIMIZATION_LEVEL = 0;
				GCC_PREPROCESSOR_DEFINITIONS = (
					"$(inherited)",
					"DEBUG=1",
				);
				GCC_WARN_64_TO_32_BIT_CONVERSION = YES;
				GCC_WARN_ABOUT_RETURN_TYPE = YES_ERROR;
				GCC_WARN_UNDECLARED_SELECTOR = YES;
				GCC_WARN_UNINITIALIZED_AUTOS = YES_AGGRESSIVE;
				GCC_WARN_UNUSED_FUNCTION = YES;
				GCC_WARN_UNUSED_VARIABLE = YES;
				MACOSX_DEPLOYMENT_TARGET = 13.0;
				MTL_ENABLE_DEBUG_INFO = INCLUDE_SOURCE;
				MTL_FAST_MATH = YES;
				ONLY_ACTIVE_ARCH = YES;
				PRODUCT_NAME = "$(TARGET_NAME)";
				SDKROOT = macosx;
				SWIFT_ACTIVE_COMPILATION_CONDITIONS = DEBUG;
				SWIFT_OPTIMIZATION_LEVEL = "-Onone";
				SWIFT_VERSION = 5.9;
			};
			name = Debug;
		};
		83854F505FCA1FE39FB0B7EB /* Release */ = {
			isa = XCBuildConfiguration;
			buildSettings = {
				BUNDLE_LOADER = "$(TEST_HOST)";
				COMBINE_HIDPI_IMAGES = YES;
				GENERATE_INFOPLIST_FILE = YES;
				LD_RUNPATH_SEARCH_PATHS = (
					"$(inherited)",
					"@executable_path/../Frameworks",
					"@loader_path/../Frameworks",
				);
				PRODUCT_BUNDLE_IDENTIFIER = com.focuslock.tests;
				SDKROOT = macosx;
				TEST_HOST = "$(BUILT_PRODUCTS_DIR)/FocusLock.app/Contents/MacOS/FocusLock";
			};
			name = Release;
		};
		B2F13E2ED6CE81A123177902 /* Release */ = {
			isa = XCBuildConfiguration;
			buildSettings = {
				ASSETCATALOG_COMPILER_APPICON_NAME = AppIcon;
				CODE_SIGN_ENTITLEMENTS = FocusLock/FocusLock.entitlements;
				CODE_SIGN_IDENTITY = "-";
				CODE_SIGN_STYLE = Manual;
				COMBINE_HIDPI_IMAGES = YES;
				ENABLE_HARDENED_RUNTIME = NO;
				GENERATE_INFOPLIST_FILE = NO;
				INFOPLIST_FILE = FocusLock/Info.plist;
				LD_RUNPATH_SEARCH_PATHS = (
					"$(inherited)",
					"@executable_path/../Frameworks",
				);
				PRODUCT_BUNDLE_IDENTIFIER = com.focuslock.app;
				SDKROOT = macosx;
			};
			name = Release;
		};
		C4399834DAC34596F7834C28 /* Debug */ = {
			isa = XCBuildConfiguration;
			buildSettings = {
				ASSETCATALOG_COMPILER_APPICON_NAME = AppIcon;
				CODE_SIGN_ENTITLEMENTS = FocusLock/FocusLock.entitlements;
				CODE_SIGN_IDENTITY = "-";
				CODE_SIGN_STYLE = Manual;
				COMBINE_HIDPI_IMAGES = YES;
				ENABLE_HARDENED_RUNTIME = NO;
				GENERATE_INFOPLIST_FILE = NO;
				INFOPLIST_FILE = FocusLock/Info.plist;
				LD_RUNPATH_SEARCH_PATHS = (
					"$(inherited)",
					"@executable_path/../Frameworks",
				);
				PRODUCT_BUNDLE_IDENTIFIER = com.focuslock.app;
				SDKROOT = macosx;
			};
			name = Debug;
		};
		F252A4A0064B284C3DD5462E /* Debug */ = {
			isa = XCBuildConfiguration;
			buildSettings = {
				BUNDLE_LOADER = "$(TEST_HOST)";
				COMBINE_HIDPI_IMAGES = YES;
				GENERATE_INFOPLIST_FILE = YES;
				LD_RUNPATH_SEARCH_PATHS = (
					"$(inherited)",
					"@executable_path/../Frameworks",
					"@loader_path/../Frameworks",
				);
				PRODUCT_BUNDLE_IDENTIFIER = com.focuslock.tests;
				SDKROOT = macosx;
				TEST_HOST = "$(BUILT_PRODUCTS_DIR)/FocusLock.app/Contents/MacOS/FocusLock";
			};
			name = Debug;
		};
/* End XCBuildConfiguration section */

/* Begin XCConfigurationList section */
		344568AE97E40F4B35E512A3 /* Build configuration list for PBXNativeTarget "FocusLock" */ = {
			isa = XCConfigurationList;
			buildConfigurations = (
				C4399834DAC34596F7834C28 /* Debug */,
				B2F13E2ED6CE81A123177902 /* Release */,
			);
			defaultConfigurationIsVisible = 0;
			defaultConfigurationName = Debug;
		};
		4E937BF2C3C5309AED844B32 /* Build configuration list for PBXProject "FocusLock" */ = {
			isa = XCConfigurationList;
			buildConfigurations = (
				29159116B862B9EB373F0F44 /* Debug */,
				284A47B68ADC5051580733F0 /* Release */,
			);
			defaultConfigurationIsVisible = 0;
			defaultConfigurationName = Debug;
		};
		E65B9D4887BDF217BEF56F46 /* Build configuration list for PBXNativeTarget "FocusLockTests" */ = {
			isa = XCConfigurationList;
			buildConfigurations = (
				F252A4A0064B284C3DD5462E /* Debug */,
				83854F505FCA1FE39FB0B7EB /* Release */,
			);
			defaultConfigurationIsVisible = 0;
			defaultConfigurationName = Debug;
		};
/* End XCConfigurationList section */
	};
	rootObject = 29E2A9ACFFADEAA47FD65614 /* Project object */;
}
